
Microsoft Visual Studio Solution File, Format Version 12.00
# Visual Studio Version 16
VisualStudioVersion = 16.0.31112.23
MinimumVisualStudioVersion = 10.0.40219.1
Project("{2150E333-8FDC-42A3-9474-1A3956D46DE8}") = "Chapter02", "Chapter02", "{6E020228-EC68-4829-87DF-5BD0B4DBF0D4}"
EndProject
Project("{FAE04EC0-301F-11D3-BF4B-00C04F79EFBC}") = "DistanceConvertar", "DistanceConvertar\DistanceConvertar.csproj", "{5EFDD98B-0868-4321-A7C4-B4618D107282}"
EndProject
Project("{FAE04EC0-301F-11D3-BF4B-00C04F79EFBC}") = "SalesCalculator", "SalesCalculator\SalesCalculator.csproj", "{A042188B-4481-4D2A-BACF-7F41DEC90A18}"
EndProject
Project("{FAE04EC0-301F-11D3-BF4B-00C04F79EFBC}") = "Exercise1", "Exercise1\Exercise1.csproj", "{E3B49D93-3130-48D8-BBAB-158248C796E0}"
EndProject
Project("{2150E333-8FDC-42A3-9474-1A3956D46DE8}") = "Exercise", "Exercise", "{45302A90-0110-47F8-879D-DE9164E13403}"
EndProject
Project("{9A19103F-16F7-4668-BE54-9A1E7A4F7556}") = "Exercise2", "Exercise2\Exercise2.csproj", "{FAE4B663-7070-4C1F-A1BD-9E8E90232826}"
EndProject
Project("{FAE04EC0-301F-11D3-BF4B-00C04F79EFBC}") = "Exercise3", "Exercise3\Exercise3.csproj", "{0707B601-CD3B-4979-96E3-39473C435382}"
EndProject
Project("{2150E333-8FDC-42A3-9474-1A3956D46DE8}") = "Chapter03", "Chapter03", "{799FCB69-E551-4CCA-ADA8-7B73C3EA6ADD}"
EndProject
Project("{FAE04EC0-301F-11D3-BF4B-00C04F79EFBC}") = "Section01", "Section01\Section01.csproj", "{531F4C4F-F7B2-4B85-9133-C9E6A981F6BE}"
EndProject
Project("{FAE04EC0-301F-11D3-BF4B-00C04F79EFBC}") = "Section1", "Chpter04\Section1\Section1.csproj", "{3A46E3A8-A8AD-4C65-9A4B-DE992CCA209F}"
EndProject
Project("{2150E333-8FDC-42A3-9474-1A3956D46DE8}") = "Chapter4", "Chapter4", "{FAF393FB-2B2D-4801-9E98-754707CDF6AF}"
EndProject
Project("{FAE04EC0-301F-11D3-BF4B-00C04F79EFBC}") = "Person", "Person\Person.csproj", "{4B160AC8-2784-4E21-8F55-CCEEE5F40067}"
EndProject
Project("{FAE04EC0-301F-11D3-BF4B-00C04F79EFBC}") = "Exercise01", "Chpter04\Exercise1\Exercise01\Exercise01.csproj", "{52650109-29A1-4AFD-A5C2-0EF7E270BCCC}"
EndProject
Project("{2150E333-8FDC-42A3-9474-1A3956D46DE8}") = "Excercise1", "Excercise1", "{06676B2B-8787-4B59-BC38-6E6F3D5E9736}"
EndProject
Project("{FAE04EC0-301F-11D3-BF4B-00C04F79EFBC}") = "Excercise02", "Excercise02\Excercise02.csproj", "{BCE242C4-12E1-48AF-9C2B-668B2F536B56}"
EndProject
Project("{FAE04EC0-301F-11D3-BF4B-00C04F79EFBC}") = "Exercise1", "Chapter05\Exercise1\Exercise1.csproj", "{12ADA8A7-CA80-4C74-881A-6FE278FC7816}"
EndProject
Project("{2150E333-8FDC-42A3-9474-1A3956D46DE8}") = "Chapter05", "Chapter05", "{ED5A3A53-726C-4AFD-98DE-8C652D680330}"
EndProject
Project("{FAE04EC0-301F-11D3-BF4B-00C04F79EFBC}") = "Test01", "TestProject\Test01\Test01.csproj", "{2BFACDC3-F44D-4199-8498-F5C3C4AC0335}"
EndProject
Project("{FAE04EC0-301F-11D3-BF4B-00C04F79EFBC}") = "Test02", "TestProject\Test02\Test02.csproj", "{E461C0A8-8900-485C-B520-E929BA33F712}"
EndProject
Project("{FAE04EC0-301F-11D3-BF4B-00C04F79EFBC}") = "Exercise002", "Exercise002\Exercise002.csproj", "{399564BC-2CDB-49D7-8E2B-BF55C2D130E6}"
EndProject
Project("{FAE04EC0-301F-11D3-BF4B-00C04F79EFBC}") = "Exercise3", "Chapter05\Exercise3\Exercise3.csproj", "{A0E959D6-70CD-4D30-9E40-8FF408439441}"
EndProject
Project("{FAE04EC0-301F-11D3-BF4B-00C04F79EFBC}") = "Section01", "Chaper06\Section01\Section01.csproj", "{E5B653CF-4A94-4CB6-8D79-E5137FFCA57A}"
EndProject
Project("{2150E333-8FDC-42A3-9474-1A3956D46DE8}") = "Chpter06", "Chpter06", "{2C9DF0DC-011E-4CE8-94BC-C8E08D191D4B}"
	ProjectSection(SolutionItems) = preProject
		\\172.16.42.1\学生共有\#infosys2021\２期目\Book.cs = \\172.16.42.1\学生共有\#infosys2021\２期目\Book.cs
	EndProjectSection
EndProject
Project("{FAE04EC0-301F-11D3-BF4B-00C04F79EFBC}") = "Exercise1", "Chaper06\Exercise\Exercise1\Exercise1.csproj", "{EE602C14-48F7-43E6-8CCD-B85BDCF693D9}"
EndProject
Project("{FAE04EC0-301F-11D3-BF4B-00C04F79EFBC}") = "Exercise_2", "Exercise_2\Exercise_2.csproj", "{81970800-E12A-4ED3-A650-98517DB5EE48}"
EndProject
Project("{FAE04EC0-301F-11D3-BF4B-00C04F79EFBC}") = "Section03", "Chapter7\Section03\Section03.csproj", "{F06694EE-611B-4817-90AE-1728E4583525}"
EndProject
Project("{2150E333-8FDC-42A3-9474-1A3956D46DE8}") = "Chapter7", "Chapter7", "{10EA4768-51AE-471E-ABBA-97F286C6D336}"
EndProject
Project("{2150E333-8FDC-42A3-9474-1A3956D46DE8}") = "Chapter08", "Chapter08", "{B0D452D9-CB22-442E-97A8-A5B906AFFDDF}"
EndProject
Project("{FAE04EC0-301F-11D3-BF4B-00C04F79EFBC}") = "Exercise1", "Chapter08\Exercise1\Exercise1.csproj", "{76DCA304-EB1F-46FB-B65D-F81FCA5622DD}"
EndProject
Project("{2150E333-8FDC-42A3-9474-1A3956D46DE8}") = "Exercise", "Exercise", "{3266940C-9C16-4F97-A09F-901CC961B33C}"
EndProject
Project("{FAE04EC0-301F-11D3-BF4B-00C04F79EFBC}") = "Exercise1", "Chapter08\Exercise\Exercise1\Exercise1.csproj", "{FF483FFB-322A-4F4C-BD0F-BECC7A25EB20}"
EndProject
Project("{FAE04EC0-301F-11D3-BF4B-00C04F79EFBC}") = "StopWatch", "Chapter08\StopWatch\StopWatch.csproj", "{85D1321D-1D11-4407-855D-57D3D228DDB9}"
EndProject
Project("{2150E333-8FDC-42A3-9474-1A3956D46DE8}") = "carReportSystem", "carReportSystem", "{B668D711-5941-4B1C-A00F-D6B01DD703C6}"
EndProject
Project("{FAE04EC0-301F-11D3-BF4B-00C04F79EFBC}") = "carReportSystem", "carReportSystem\carReportSystem\carReportSystem.csproj", "{9F2E7E08-49DA-4DE0-900F-FFD44A31D505}"
EndProject
Project("{FAE04EC0-301F-11D3-BF4B-00C04F79EFBC}") = "Execise1", "Chapter09\Execise1\Execise1.csproj", "{2919B9D6-B766-4460-9AFF-A04546974E59}"
EndProject
Project("{FAE04EC0-301F-11D3-BF4B-00C04F79EFBC}") = "Sampke0823", "Sampke0823\Sampke0823.csproj", "{31FA8596-A3C1-4A23-B914-4268DCF5CBBE}"
EndProject
Project("{FAE04EC0-301F-11D3-BF4B-00C04F79EFBC}") = "Section01", "Chapter11\Section01\Section01.csproj", "{BBB68EEE-15A9-4B1B-918A-627A705FE2E9}"
EndProject
Project("{2150E333-8FDC-42A3-9474-1A3956D46DE8}") = "Chapter11", "Chapter11", "{45C31876-B29F-473D-9E65-B1A8CD05F4AF}"
	ProjectSection(SolutionItems) = preProject
		..\..\..\..\AppData\Local\Temp\MicrosoftEdgeDownloads\8a02fea4-b71b-48ca-bb25-684c622ee57b\novelists.xml = ..\..\..\..\AppData\Local\Temp\MicrosoftEdgeDownloads\8a02fea4-b71b-48ca-bb25-684c622ee57b\novelists.xml
	EndProjectSection
EndProject
Project("{FAE04EC0-301F-11D3-BF4B-00C04F79EFBC}") = "Exercise1", "Chapter11\Exercise1\Exercise1.csproj", "{F3537574-C0F1-469D-BD96-6612131B5232}"
EndProject
Project("{FAE04EC0-301F-11D3-BF4B-00C04F79EFBC}") = "Section02", "Chapter11\Section02\Section02.csproj", "{C83D0219-883E-4129-A5DE-F2F3DC69F524}"
EndProject
Project("{2150E333-8FDC-42A3-9474-1A3956D46DE8}") = "Chapter14", "Chapter14", "{521DC1A3-4D49-4D97-BADD-CDBE7C009074}"
EndProject
Project("{FAE04EC0-301F-11D3-BF4B-00C04F79EFBC}") = "Section04", "Chapter14\ConsoleApp1\Section04.csproj", "{4AA76D27-63EB-41A0-B822-C7F13A890F91}"
EndProject
Project("{2150E333-8FDC-42A3-9474-1A3956D46DE8}") = "WeatherApp", "WeatherApp", "{A7727711-3477-423B-B91D-2CE836CC341E}"
EndProject
Project("{FAE04EC0-301F-11D3-BF4B-00C04F79EFBC}") = "WeatherApp", "WeatherApp\WeatherApp\WeatherApp.csproj", "{6C7168E3-6D3F-411E-A499-4CC29C09D802}"
EndProject
Project("{2150E333-8FDC-42A3-9474-1A3956D46DE8}") = "RssReader", "RssReader", "{8EF2640F-0989-4281-99FE-47B56BE3B484}"
EndProject
Project("{FAE04EC0-301F-11D3-BF4B-00C04F79EFBC}") = "RssRaader", "RssReader\RssRaader\RssRaader.csproj", "{7D3C88BB-EA93-4D5C-B417-BE731643D327}"
EndProject
Global
	GlobalSection(SolutionConfigurationPlatforms) = preSolution
		Debug|Any CPU = Debug|Any CPU
		Release|Any CPU = Release|Any CPU
	EndGlobalSection
	GlobalSection(ProjectConfigurationPlatforms) = postSolution
		{5EFDD98B-0868-4321-A7C4-B4618D107282}.Debug|Any CPU.ActiveCfg = Debug|Any CPU
		{5EFDD98B-0868-4321-A7C4-B4618D107282}.Debug|Any CPU.Build.0 = Debug|Any CPU
		{5EFDD98B-0868-4321-A7C4-B4618D107282}.Release|Any CPU.ActiveCfg = Release|Any CPU
		{5EFDD98B-0868-4321-A7C4-B4618D107282}.Release|Any CPU.Build.0 = Release|Any CPU
		{A042188B-4481-4D2A-BACF-7F41DEC90A18}.Debug|Any CPU.ActiveCfg = Debug|Any CPU
		{A042188B-4481-4D2A-BACF-7F41DEC90A18}.Debug|Any CPU.Build.0 = Debug|Any CPU
		{A042188B-4481-4D2A-BACF-7F41DEC90A18}.Release|Any CPU.ActiveCfg = Release|Any CPU
		{A042188B-4481-4D2A-BACF-7F41DEC90A18}.Release|Any CPU.Build.0 = Release|Any CPU
		{E3B49D93-3130-48D8-BBAB-158248C796E0}.Debug|Any CPU.ActiveCfg = Debug|Any CPU
		{E3B49D93-3130-48D8-BBAB-158248C796E0}.Debug|Any CPU.Build.0 = Debug|Any CPU
		{E3B49D93-3130-48D8-BBAB-158248C796E0}.Release|Any CPU.ActiveCfg = Release|Any CPU
		{E3B49D93-3130-48D8-BBAB-158248C796E0}.Release|Any CPU.Build.0 = Release|Any CPU
		{FAE4B663-7070-4C1F-A1BD-9E8E90232826}.Debug|Any CPU.ActiveCfg = Debug|Any CPU
		{FAE4B663-7070-4C1F-A1BD-9E8E90232826}.Debug|Any CPU.Build.0 = Debug|Any CPU
		{FAE4B663-7070-4C1F-A1BD-9E8E90232826}.Release|Any CPU.ActiveCfg = Release|Any CPU
		{FAE4B663-7070-4C1F-A1BD-9E8E90232826}.Release|Any CPU.Build.0 = Release|Any CPU
		{0707B601-CD3B-4979-96E3-39473C435382}.Debug|Any CPU.ActiveCfg = Debug|Any CPU
		{0707B601-CD3B-4979-96E3-39473C435382}.Debug|Any CPU.Build.0 = Debug|Any CPU
		{0707B601-CD3B-4979-96E3-39473C435382}.Release|Any CPU.ActiveCfg = Release|Any CPU
		{0707B601-CD3B-4979-96E3-39473C435382}.Release|Any CPU.Build.0 = Release|Any CPU
		{531F4C4F-F7B2-4B85-9133-C9E6A981F6BE}.Debug|Any CPU.ActiveCfg = Debug|Any CPU
		{531F4C4F-F7B2-4B85-9133-C9E6A981F6BE}.Debug|Any CPU.Build.0 = Debug|Any CPU
		{531F4C4F-F7B2-4B85-9133-C9E6A981F6BE}.Release|Any CPU.ActiveCfg = Release|Any CPU
		{531F4C4F-F7B2-4B85-9133-C9E6A981F6BE}.Release|Any CPU.Build.0 = Release|Any CPU
		{3A46E3A8-A8AD-4C65-9A4B-DE992CCA209F}.Debug|Any CPU.ActiveCfg = Debug|Any CPU
		{3A46E3A8-A8AD-4C65-9A4B-DE992CCA209F}.Debug|Any CPU.Build.0 = Debug|Any CPU
		{3A46E3A8-A8AD-4C65-9A4B-DE992CCA209F}.Release|Any CPU.ActiveCfg = Release|Any CPU
		{3A46E3A8-A8AD-4C65-9A4B-DE992CCA209F}.Release|Any CPU.Build.0 = Release|Any CPU
		{4B160AC8-2784-4E21-8F55-CCEEE5F40067}.Debug|Any CPU.ActiveCfg = Debug|Any CPU
		{4B160AC8-2784-4E21-8F55-CCEEE5F40067}.Debug|Any CPU.Build.0 = Debug|Any CPU
		{4B160AC8-2784-4E21-8F55-CCEEE5F40067}.Release|Any CPU.ActiveCfg = Release|Any CPU
		{4B160AC8-2784-4E21-8F55-CCEEE5F40067}.Release|Any CPU.Build.0 = Release|Any CPU
		{52650109-29A1-4AFD-A5C2-0EF7E270BCCC}.Debug|Any CPU.ActiveCfg = Debug|Any CPU
		{52650109-29A1-4AFD-A5C2-0EF7E270BCCC}.Debug|Any CPU.Build.0 = Debug|Any CPU
		{52650109-29A1-4AFD-A5C2-0EF7E270BCCC}.Release|Any CPU.ActiveCfg = Release|Any CPU
		{52650109-29A1-4AFD-A5C2-0EF7E270BCCC}.Release|Any CPU.Build.0 = Release|Any CPU
		{BCE242C4-12E1-48AF-9C2B-668B2F536B56}.Debug|Any CPU.ActiveCfg = Debug|Any CPU
		{BCE242C4-12E1-48AF-9C2B-668B2F536B56}.Debug|Any CPU.Build.0 = Debug|Any CPU
		{BCE242C4-12E1-48AF-9C2B-668B2F536B56}.Release|Any CPU.ActiveCfg = Release|Any CPU
		{BCE242C4-12E1-48AF-9C2B-668B2F536B56}.Release|Any CPU.Build.0 = Release|Any CPU
		{12ADA8A7-CA80-4C74-881A-6FE278FC7816}.Debug|Any CPU.ActiveCfg = Debug|Any CPU
		{12ADA8A7-CA80-4C74-881A-6FE278FC7816}.Debug|Any CPU.Build.0 = Debug|Any CPU
		{12ADA8A7-CA80-4C74-881A-6FE278FC7816}.Release|Any CPU.ActiveCfg = Release|Any CPU
		{12ADA8A7-CA80-4C74-881A-6FE278FC7816}.Release|Any CPU.Build.0 = Release|Any CPU
		{2BFACDC3-F44D-4199-8498-F5C3C4AC0335}.Debug|Any CPU.ActiveCfg = Debug|Any CPU
		{2BFACDC3-F44D-4199-8498-F5C3C4AC0335}.Debug|Any CPU.Build.0 = Debug|Any CPU
		{2BFACDC3-F44D-4199-8498-F5C3C4AC0335}.Release|Any CPU.ActiveCfg = Release|Any CPU
		{2BFACDC3-F44D-4199-8498-F5C3C4AC0335}.Release|Any CPU.Build.0 = Release|Any CPU
		{E461C0A8-8900-485C-B520-E929BA33F712}.Debug|Any CPU.ActiveCfg = Debug|Any CPU
		{E461C0A8-8900-485C-B520-E929BA33F712}.Debug|Any CPU.Build.0 = Debug|Any CPU
		{E461C0A8-8900-485C-B520-E929BA33F712}.Release|Any CPU.ActiveCfg = Release|Any CPU
		{E461C0A8-8900-485C-B520-E929BA33F712}.Release|Any CPU.Build.0 = Release|Any CPU
		{399564BC-2CDB-49D7-8E2B-BF55C2D130E6}.Debug|Any CPU.ActiveCfg = Debug|Any CPU
		{399564BC-2CDB-49D7-8E2B-BF55C2D130E6}.Debug|Any CPU.Build.0 = Debug|Any CPU
		{399564BC-2CDB-49D7-8E2B-BF55C2D130E6}.Release|Any CPU.ActiveCfg = Release|Any CPU
		{399564BC-2CDB-49D7-8E2B-BF55C2D130E6}.Release|Any CPU.Build.0 = Release|Any CPU
		{A0E959D6-70CD-4D30-9E40-8FF408439441}.Debug|Any CPU.ActiveCfg = Debug|Any CPU
		{A0E959D6-70CD-4D30-9E40-8FF408439441}.Debug|Any CPU.Build.0 = Debug|Any CPU
		{A0E959D6-70CD-4D30-9E40-8FF408439441}.Release|Any CPU.ActiveCfg = Release|Any CPU
		{A0E959D6-70CD-4D30-9E40-8FF408439441}.Release|Any CPU.Build.0 = Release|Any CPU
		{E5B653CF-4A94-4CB6-8D79-E5137FFCA57A}.Debug|Any CPU.ActiveCfg = Debug|Any CPU
		{E5B653CF-4A94-4CB6-8D79-E5137FFCA57A}.Debug|Any CPU.Build.0 = Debug|Any CPU
		{E5B653CF-4A94-4CB6-8D79-E5137FFCA57A}.Release|Any CPU.ActiveCfg = Release|Any CPU
		{E5B653CF-4A94-4CB6-8D79-E5137FFCA57A}.Release|Any CPU.Build.0 = Release|Any CPU
		{EE602C14-48F7-43E6-8CCD-B85BDCF693D9}.Debug|Any CPU.ActiveCfg = Debug|Any CPU
		{EE602C14-48F7-43E6-8CCD-B85BDCF693D9}.Debug|Any CPU.Build.0 = Debug|Any CPU
		{EE602C14-48F7-43E6-8CCD-B85BDCF693D9}.Release|Any CPU.ActiveCfg = Release|Any CPU
		{EE602C14-48F7-43E6-8CCD-B85BDCF693D9}.Release|Any CPU.Build.0 = Release|Any CPU
		{81970800-E12A-4ED3-A650-98517DB5EE48}.Debug|Any CPU.ActiveCfg = Debug|Any CPU
		{81970800-E12A-4ED3-A650-98517DB5EE48}.Debug|Any CPU.Build.0 = Debug|Any CPU
		{81970800-E12A-4ED3-A650-98517DB5EE48}.Release|Any CPU.ActiveCfg = Release|Any CPU
		{81970800-E12A-4ED3-A650-98517DB5EE48}.Release|Any CPU.Build.0 = Release|Any CPU
		{F06694EE-611B-4817-90AE-1728E4583525}.Debug|Any CPU.ActiveCfg = Debug|Any CPU
		{F06694EE-611B-4817-90AE-1728E4583525}.Debug|Any CPU.Build.0 = Debug|Any CPU
		{F06694EE-611B-4817-90AE-1728E4583525}.Release|Any CPU.ActiveCfg = Release|Any CPU
		{F06694EE-611B-4817-90AE-1728E4583525}.Release|Any CPU.Build.0 = Release|Any CPU
		{76DCA304-EB1F-46FB-B65D-F81FCA5622DD}.Debug|Any CPU.ActiveCfg = Debug|Any CPU
		{76DCA304-EB1F-46FB-B65D-F81FCA5622DD}.Debug|Any CPU.Build.0 = Debug|Any CPU
		{76DCA304-EB1F-46FB-B65D-F81FCA5622DD}.Release|Any CPU.ActiveCfg = Release|Any CPU
		{76DCA304-EB1F-46FB-B65D-F81FCA5622DD}.Release|Any CPU.Build.0 = Release|Any CPU
		{FF483FFB-322A-4F4C-BD0F-BECC7A25EB20}.Debug|Any CPU.ActiveCfg = Debug|Any CPU
		{FF483FFB-322A-4F4C-BD0F-BECC7A25EB20}.Debug|Any CPU.Build.0 = Debug|Any CPU
		{FF483FFB-322A-4F4C-BD0F-BECC7A25EB20}.Release|Any CPU.ActiveCfg = Release|Any CPU
		{FF483FFB-322A-4F4C-BD0F-BECC7A25EB20}.Release|Any CPU.Build.0 = Release|Any CPU
		{85D1321D-1D11-4407-855D-57D3D228DDB9}.Debug|Any CPU.ActiveCfg = Debug|Any CPU
		{85D1321D-1D11-4407-855D-57D3D228DDB9}.Debug|Any CPU.Build.0 = Debug|Any CPU
		{85D1321D-1D11-4407-855D-57D3D228DDB9}.Release|Any CPU.ActiveCfg = Release|Any CPU
		{85D1321D-1D11-4407-855D-57D3D228DDB9}.Release|Any CPU.Build.0 = Release|Any CPU
		{9F2E7E08-49DA-4DE0-900F-FFD44A31D505}.Debug|Any CPU.ActiveCfg = Debug|Any CPU
		{9F2E7E08-49DA-4DE0-900F-FFD44A31D505}.Debug|Any CPU.Build.0 = Debug|Any CPU
		{9F2E7E08-49DA-4DE0-900F-FFD44A31D505}.Release|Any CPU.ActiveCfg = Release|Any CPU
		{9F2E7E08-49DA-4DE0-900F-FFD44A31D505}.Release|Any CPU.Build.0 = Release|Any CPU
		{2919B9D6-B766-4460-9AFF-A04546974E59}.Debug|Any CPU.ActiveCfg = Debug|Any CPU
		{2919B9D6-B766-4460-9AFF-A04546974E59}.Debug|Any CPU.Build.0 = Debug|Any CPU
		{2919B9D6-B766-4460-9AFF-A04546974E59}.Release|Any CPU.ActiveCfg = Release|Any CPU
		{2919B9D6-B766-4460-9AFF-A04546974E59}.Release|Any CPU.Build.0 = Release|Any CPU
		{31FA8596-A3C1-4A23-B914-4268DCF5CBBE}.Debug|Any CPU.ActiveCfg = Debug|Any CPU
		{31FA8596-A3C1-4A23-B914-4268DCF5CBBE}.Debug|Any CPU.Build.0 = Debug|Any CPU
		{31FA8596-A3C1-4A23-B914-4268DCF5CBBE}.Release|Any CPU.ActiveCfg = Release|Any CPU
		{31FA8596-A3C1-4A23-B914-4268DCF5CBBE}.Release|Any CPU.Build.0 = Release|Any CPU
		{BBB68EEE-15A9-4B1B-918A-627A705FE2E9}.Debug|Any CPU.ActiveCfg = Debug|Any CPU
		{BBB68EEE-15A9-4B1B-918A-627A705FE2E9}.Debug|Any CPU.Build.0 = Debug|Any CPU
		{BBB68EEE-15A9-4B1B-918A-627A705FE2E9}.Release|Any CPU.ActiveCfg = Release|Any CPU
		{BBB68EEE-15A9-4B1B-918A-627A705FE2E9}.Release|Any CPU.Build.0 = Release|Any CPU
		{F3537574-C0F1-469D-BD96-6612131B5232}.Debug|Any CPU.ActiveCfg = Debug|Any CPU
		{F3537574-C0F1-469D-BD96-6612131B5232}.Debug|Any CPU.Build.0 = Debug|Any CPU
		{F3537574-C0F1-469D-BD96-6612131B5232}.Release|Any CPU.ActiveCfg = Release|Any CPU
		{F3537574-C0F1-469D-BD96-6612131B5232}.Release|Any CPU.Build.0 = Release|Any CPU
		{C83D0219-883E-4129-A5DE-F2F3DC69F524}.Debug|Any CPU.ActiveCfg = Debug|Any CPU
		{C83D0219-883E-4129-A5DE-F2F3DC69F524}.Debug|Any CPU.Build.0 = Debug|Any CPU
		{C83D0219-883E-4129-A5DE-F2F3DC69F524}.Release|Any CPU.ActiveCfg = Release|Any CPU
		{C83D0219-883E-4129-A5DE-F2F3DC69F524}.Release|Any CPU.Build.0 = Release|Any CPU
		{4AA76D27-63EB-41A0-B822-C7F13A890F91}.Debug|Any CPU.ActiveCfg = Debug|Any CPU
		{4AA76D27-63EB-41A0-B822-C7F13A890F91}.Debug|Any CPU.Build.0 = Debug|Any CPU
		{4AA76D27-63EB-41A0-B822-C7F13A890F91}.Release|Any CPU.ActiveCfg = Release|Any CPU
		{4AA76D27-63EB-41A0-B822-C7F13A890F91}.Release|Any CPU.Build.0 = Release|Any CPU
		{6C7168E3-6D3F-411E-A499-4CC29C09D802}.Debug|Any CPU.ActiveCfg = Debug|Any CPU
		{6C7168E3-6D3F-411E-A499-4CC29C09D802}.Debug|Any CPU.Build.0 = Debug|Any CPU
		{6C7168E3-6D3F-411E-A499-4CC29C09D802}.Release|Any CPU.ActiveCfg = Release|Any CPU
		{6C7168E3-6D3F-411E-A499-4CC29C09D802}.Release|Any CPU.Build.0 = Release|Any CPU
		{7D3C88BB-EA93-4D5C-B417-BE731643D327}.Debug|Any CPU.ActiveCfg = Debug|Any CPU
		{7D3C88BB-EA93-4D5C-B417-BE731643D327}.Debug|Any CPU.Build.0 = Debug|Any CPU
		{7D3C88BB-EA93-4D5C-B417-BE731643D327}.Release|Any CPU.ActiveCfg = Release|Any CPU
		{7D3C88BB-EA93-4D5C-B417-BE731643D327}.Release|Any CPU.Build.0 = Release|Any CPU
	EndGlobalSection
	GlobalSection(SolutionProperties) = preSolution
		HideSolutionNode = FALSE
	EndGlobalSection
	GlobalSection(NestedProjects) = preSolution
		{5EFDD98B-0868-4321-A7C4-B4618D107282} = {6E020228-EC68-4829-87DF-5BD0B4DBF0D4}
		{A042188B-4481-4D2A-BACF-7F41DEC90A18} = {6E020228-EC68-4829-87DF-5BD0B4DBF0D4}
		{E3B49D93-3130-48D8-BBAB-158248C796E0} = {45302A90-0110-47F8-879D-DE9164E13403}
		{45302A90-0110-47F8-879D-DE9164E13403} = {6E020228-EC68-4829-87DF-5BD0B4DBF0D4}
		{FAE4B663-7070-4C1F-A1BD-9E8E90232826} = {45302A90-0110-47F8-879D-DE9164E13403}
		{0707B601-CD3B-4979-96E3-39473C435382} = {45302A90-0110-47F8-879D-DE9164E13403}
		{531F4C4F-F7B2-4B85-9133-C9E6A981F6BE} = {799FCB69-E551-4CCA-ADA8-7B73C3EA6ADD}
		{3A46E3A8-A8AD-4C65-9A4B-DE992CCA209F} = {FAF393FB-2B2D-4801-9E98-754707CDF6AF}
		{4B160AC8-2784-4E21-8F55-CCEEE5F40067} = {FAF393FB-2B2D-4801-9E98-754707CDF6AF}
		{52650109-29A1-4AFD-A5C2-0EF7E270BCCC} = {06676B2B-8787-4B59-BC38-6E6F3D5E9736}
		{06676B2B-8787-4B59-BC38-6E6F3D5E9736} = {FAF393FB-2B2D-4801-9E98-754707CDF6AF}
		{BCE242C4-12E1-48AF-9C2B-668B2F536B56} = {06676B2B-8787-4B59-BC38-6E6F3D5E9736}
		{12ADA8A7-CA80-4C74-881A-6FE278FC7816} = {ED5A3A53-726C-4AFD-98DE-8C652D680330}
		{ED5A3A53-726C-4AFD-98DE-8C652D680330} = {B0D452D9-CB22-442E-97A8-A5B906AFFDDF}
		{399564BC-2CDB-49D7-8E2B-BF55C2D130E6} = {ED5A3A53-726C-4AFD-98DE-8C652D680330}
		{A0E959D6-70CD-4D30-9E40-8FF408439441} = {ED5A3A53-726C-4AFD-98DE-8C652D680330}
		{E5B653CF-4A94-4CB6-8D79-E5137FFCA57A} = {2C9DF0DC-011E-4CE8-94BC-C8E08D191D4B}
		{EE602C14-48F7-43E6-8CCD-B85BDCF693D9} = {2C9DF0DC-011E-4CE8-94BC-C8E08D191D4B}
		{81970800-E12A-4ED3-A650-98517DB5EE48} = {2C9DF0DC-011E-4CE8-94BC-C8E08D191D4B}
		{F06694EE-611B-4817-90AE-1728E4583525} = {10EA4768-51AE-471E-ABBA-97F286C6D336}
		{76DCA304-EB1F-46FB-B65D-F81FCA5622DD} = {B0D452D9-CB22-442E-97A8-A5B906AFFDDF}
		{3266940C-9C16-4F97-A09F-901CC961B33C} = {B0D452D9-CB22-442E-97A8-A5B906AFFDDF}
		{FF483FFB-322A-4F4C-BD0F-BECC7A25EB20} = {3266940C-9C16-4F97-A09F-901CC961B33C}
		{85D1321D-1D11-4407-855D-57D3D228DDB9} = {B0D452D9-CB22-442E-97A8-A5B906AFFDDF}
		{9F2E7E08-49DA-4DE0-900F-FFD44A31D505} = {B668D711-5941-4B1C-A00F-D6B01DD703C6}
		{BBB68EEE-15A9-4B1B-918A-627A705FE2E9} = {45C31876-B29F-473D-9E65-B1A8CD05F4AF}
		{F3537574-C0F1-469D-BD96-6612131B5232} = {45C31876-B29F-473D-9E65-B1A8CD05F4AF}
		{C83D0219-883E-4129-A5DE-F2F3DC69F524} = {45C31876-B29F-473D-9E65-B1A8CD05F4AF}
		{4AA76D27-63EB-41A0-B822-C7F13A890F91} = {521DC1A3-4D49-4D97-BADD-CDBE7C009074}
		{6C7168E3-6D3F-411E-A499-4CC29C09D802} = {A7727711-3477-423B-B91D-2CE836CC341E}
		{7D3C88BB-EA93-4D5C-B417-BE731643D327} = {8EF2640F-0989-4281-99FE-47B56BE3B484}
	EndGlobalSection
	GlobalSection(ExtensibilityGlobals) = postSolution
		SolutionGuid = {E2CE199A-0A06-4927-9740-77057D99BABD}
	EndGlobalSection
EndGlobal
