
Microsoft Visual Studio Solution File, Format Version 12.00
# Visual Studio Version 16
VisualStudioVersion = 16.0.31112.23
MinimumVisualStudioVersion = 10.0.40219.1
Project("{2150E333-8FDC-42A3-9474-1A3956D46DE8}") = "Chapter02", "Chapter02", "{6E020228-EC68-4829-87DF-5BD0B4DBF0D4}"
EndProject
Project("{FAE04EC0-301F-11D3-BF4B-00C04F79EFBC}") = "DistanceConvertar", "DistanceConvertar\DistanceConvertar.csproj", "{5EFDD98B-0868-4321-A7C4-B4618D107282}"
EndProject
Project("{FAE04EC0-301F-11D3-BF4B-00C04F79EFBC}") = "SalesCalculator", "SalesCalculator\SalesCalculator.csproj", "{A042188B-4481-4D2A-BACF-7F41DEC90A18}"
EndProject
Project("{FAE04EC0-301F-11D3-BF4B-00C04F79EFBC}") = "Exercise1", "Exercise1\Exercise1.csproj", "{E3B49D93-3130-48D8-BBAB-158248C796E0}"
EndProject
Project("{2150E333-8FDC-42A3-9474-1A3956D46DE8}") = "Exercise", "Exercise", "{45302A90-0110-47F8-879D-DE9164E13403}"
EndProject
Project("{FAE04EC0-301F-11D3-BF4B-00C04F79EFBC}") = "Exercise2", "Exercise2\Exercise2.csproj", "{FAE4B663-7070-4C1F-A1BD-9E8E90232826}"
EndProject
Project("{FAE04EC0-301F-11D3-BF4B-00C04F79EFBC}") = "Exercise3", "Exercise3\Exercise3.csproj", "{0707B601-CD3B-4979-96E3-39473C435382}"
EndProject
Project("{2150E333-8FDC-42A3-9474-1A3956D46DE8}") = "Chapter03", "Chapter03", "{799FCB69-E551-4CCA-ADA8-7B73C3EA6ADD}"
EndProject
Project("{FAE04EC0-301F-11D3-BF4B-00C04F79EFBC}") = "Section01", "Section01\Section01.csproj", "{531F4C4F-F7B2-4B85-9133-C9E6A981F6BE}"
EndProject
Project("{FAE04EC0-301F-11D3-BF4B-00C04F79EFBC}") = "Section1", "Chpter04\Section1\Section1.csproj", "{3A46E3A8-A8AD-4C65-9A4B-DE992CCA209F}"
EndProject
Project("{2150E333-8FDC-42A3-9474-1A3956D46DE8}") = "Chapter4", "Chapter4", "{FAF393FB-2B2D-4801-9E98-754707CDF6AF}"
EndProject
Project("{FAE04EC0-301F-11D3-BF4B-00C04F79EFBC}") = "Person", "Person\Person.csproj", "{4B160AC8-2784-4E21-8F55-CCEEE5F40067}"
EndProject
Project("{FAE04EC0-301F-11D3-BF4B-00C04F79EFBC}") = "Exercise01", "Chpter04\Exercise1\Exercise01\Exercise01.csproj", "{52650109-29A1-4AFD-A5C2-0EF7E270BCCC}"
EndProject
Project("{2150E333-8FDC-42A3-9474-1A3956D46DE8}") = "Excercise1", "Excercise1", "{06676B2B-8787-4B59-BC38-6E6F3D5E9736}"
EndProject
Project("{FAE04EC0-301F-11D3-BF4B-00C04F79EFBC}") = "Excercise02", "Excercise02\Excercise02.csproj", "{BCE242C4-12E1-48AF-9C2B-668B2F536B56}"
EndProject
Project("{FAE04EC0-301F-11D3-BF4B-00C04F79EFBC}") = "Exercise1", "Chapter05\Exercise1\Exercise1.csproj", "{12ADA8A7-CA80-4C74-881A-6FE278FC7816}"
EndProject
Project("{2150E333-8FDC-42A3-9474-1A3956D46DE8}") = "Chapter05", "Chapter05", "{ED5A3A53-726C-4AFD-98DE-8C652D680330}"
EndProject
Project("{FAE04EC0-301F-11D3-BF4B-00C04F79EFBC}") = "Test01", "TestProject\Test01\Test01.csproj", "{2BFACDC3-F44D-4199-8498-F5C3C4AC0335}"
EndProject
Project("{FAE04EC0-301F-11D3-BF4B-00C04F79EFBC}") = "Test02", "TestProject\Test02\Test02.csproj", "{E461C0A8-8900-485C-B520-E929BA33F712}"
EndProject
Global
	GlobalSection(SolutionConfigurationPlatforms) = preSolution
		Debug|Any CPU = Debug|Any CPU
		Release|Any CPU = Release|Any CPU
	EndGlobalSection
	GlobalSection(ProjectConfigurationPlatforms) = postSolution
		{5EFDD98B-0868-4321-A7C4-B4618D107282}.Debug|Any CPU.ActiveCfg = Debug|Any CPU
		{5EFDD98B-0868-4321-A7C4-B4618D107282}.Debug|Any CPU.Build.0 = Debug|Any CPU
		{5EFDD98B-0868-4321-A7C4-B4618D107282}.Release|Any CPU.ActiveCfg = Release|Any CPU
		{5EFDD98B-0868-4321-A7C4-B4618D107282}.Release|Any CPU.Build.0 = Release|Any CPU
		{A042188B-4481-4D2A-BACF-7F41DEC90A18}.Debug|Any CPU.ActiveCfg = Debug|Any CPU
		{A042188B-4481-4D2A-BACF-7F41DEC90A18}.Debug|Any CPU.Build.0 = Debug|Any CPU
		{A042188B-4481-4D2A-BACF-7F41DEC90A18}.Release|Any CPU.ActiveCfg = Release|Any CPU
		{A042188B-4481-4D2A-BACF-7F41DEC90A18}.Release|Any CPU.Build.0 = Release|Any CPU
		{E3B49D93-3130-48D8-BBAB-158248C796E0}.Debug|Any CPU.ActiveCfg = Debug|Any CPU
		{E3B49D93-3130-48D8-BBAB-158248C796E0}.Debug|Any CPU.Build.0 = Debug|Any CPU
		{E3B49D93-3130-48D8-BBAB-158248C796E0}.Release|Any CPU.ActiveCfg = Release|Any CPU
		{E3B49D93-3130-48D8-BBAB-158248C796E0}.Release|Any CPU.Build.0 = Release|Any CPU
		{FAE4B663-7070-4C1F-A1BD-9E8E90232826}.Debug|Any CPU.ActiveCfg = Debug|Any CPU
		{FAE4B663-7070-4C1F-A1BD-9E8E90232826}.Debug|Any CPU.Build.0 = Debug|Any CPU
		{FAE4B663-7070-4C1F-A1BD-9E8E90232826}.Release|Any CPU.ActiveCfg = Release|Any CPU
		{FAE4B663-7070-4C1F-A1BD-9E8E90232826}.Release|Any CPU.Build.0 = Release|Any CPU
		{0707B601-CD3B-4979-96E3-39473C435382}.Debug|Any CPU.ActiveCfg = Debug|Any CPU
		{0707B601-CD3B-4979-96E3-39473C435382}.Debug|Any CPU.Build.0 = Debug|Any CPU
		{0707B601-CD3B-4979-96E3-39473C435382}.Release|Any CPU.ActiveCfg = Release|Any CPU
		{0707B601-CD3B-4979-96E3-39473C435382}.Release|Any CPU.Build.0 = Release|Any CPU
		{531F4C4F-F7B2-4B85-9133-C9E6A981F6BE}.Debug|Any CPU.ActiveCfg = Debug|Any CPU
		{531F4C4F-F7B2-4B85-9133-C9E6A981F6BE}.Debug|Any CPU.Build.0 = Debug|Any CPU
		{531F4C4F-F7B2-4B85-9133-C9E6A981F6BE}.Release|Any CPU.ActiveCfg = Release|Any CPU
		{531F4C4F-F7B2-4B85-9133-C9E6A981F6BE}.Release|Any CPU.Build.0 = Release|Any CPU
		{3A46E3A8-A8AD-4C65-9A4B-DE992CCA209F}.Debug|Any CPU.ActiveCfg = Debug|Any CPU
		{3A46E3A8-A8AD-4C65-9A4B-DE992CCA209F}.Debug|Any CPU.Build.0 = Debug|Any CPU
		{3A46E3A8-A8AD-4C65-9A4B-DE992CCA209F}.Release|Any CPU.ActiveCfg = Release|Any CPU
		{3A46E3A8-A8AD-4C65-9A4B-DE992CCA209F}.Release|Any CPU.Build.0 = Release|Any CPU
		{4B160AC8-2784-4E21-8F55-CCEEE5F40067}.Debug|Any CPU.ActiveCfg = Debug|Any CPU
		{4B160AC8-2784-4E21-8F55-CCEEE5F40067}.Debug|Any CPU.Build.0 = Debug|Any CPU
		{4B160AC8-2784-4E21-8F55-CCEEE5F40067}.Release|Any CPU.ActiveCfg = Release|Any CPU
		{4B160AC8-2784-4E21-8F55-CCEEE5F40067}.Release|Any CPU.Build.0 = Release|Any CPU
		{52650109-29A1-4AFD-A5C2-0EF7E270BCCC}.Debug|Any CPU.ActiveCfg = Debug|Any CPU
		{52650109-29A1-4AFD-A5C2-0EF7E270BCCC}.Debug|Any CPU.Build.0 = Debug|Any CPU
		{52650109-29A1-4AFD-A5C2-0EF7E270BCCC}.Release|Any CPU.ActiveCfg = Release|Any CPU
		{52650109-29A1-4AFD-A5C2-0EF7E270BCCC}.Release|Any CPU.Build.0 = Release|Any CPU
		{BCE242C4-12E1-48AF-9C2B-668B2F536B56}.Debug|Any CPU.ActiveCfg = Debug|Any CPU
		{BCE242C4-12E1-48AF-9C2B-668B2F536B56}.Debug|Any CPU.Build.0 = Debug|Any CPU
		{BCE242C4-12E1-48AF-9C2B-668B2F536B56}.Release|Any CPU.ActiveCfg = Release|Any CPU
		{BCE242C4-12E1-48AF-9C2B-668B2F536B56}.Release|Any CPU.Build.0 = Release|Any CPU
		{12ADA8A7-CA80-4C74-881A-6FE278FC7816}.Debug|Any CPU.ActiveCfg = Debug|Any CPU
		{12ADA8A7-CA80-4C74-881A-6FE278FC7816}.Debug|Any CPU.Build.0 = Debug|Any CPU
		{12ADA8A7-CA80-4C74-881A-6FE278FC7816}.Release|Any CPU.ActiveCfg = Release|Any CPU
		{12ADA8A7-CA80-4C74-881A-6FE278FC7816}.Release|Any CPU.Build.0 = Release|Any CPU
		{2BFACDC3-F44D-4199-8498-F5C3C4AC0335}.Debug|Any CPU.ActiveCfg = Debug|Any CPU
		{2BFACDC3-F44D-4199-8498-F5C3C4AC0335}.Debug|Any CPU.Build.0 = Debug|Any CPU
		{2BFACDC3-F44D-4199-8498-F5C3C4AC0335}.Release|Any CPU.ActiveCfg = Release|Any CPU
		{2BFACDC3-F44D-4199-8498-F5C3C4AC0335}.Release|Any CPU.Build.0 = Release|Any CPU
		{E461C0A8-8900-485C-B520-E929BA33F712}.Debug|Any CPU.ActiveCfg = Debug|Any CPU
		{E461C0A8-8900-485C-B520-E929BA33F712}.Debug|Any CPU.Build.0 = Debug|Any CPU
		{E461C0A8-8900-485C-B520-E929BA33F712}.Release|Any CPU.ActiveCfg = Release|Any CPU
		{E461C0A8-8900-485C-B520-E929BA33F712}.Release|Any CPU.Build.0 = Release|Any CPU
	EndGlobalSection
	GlobalSection(SolutionProperties) = preSolution
		HideSolutionNode = FALSE
	EndGlobalSection
	GlobalSection(NestedProjects) = preSolution
		{5EFDD98B-0868-4321-A7C4-B4618D107282} = {6E020228-EC68-4829-87DF-5BD0B4DBF0D4}
		{A042188B-4481-4D2A-BACF-7F41DEC90A18} = {6E020228-EC68-4829-87DF-5BD0B4DBF0D4}
		{E3B49D93-3130-48D8-BBAB-158248C796E0} = {45302A90-0110-47F8-879D-DE9164E13403}
		{45302A90-0110-47F8-879D-DE9164E13403} = {6E020228-EC68-4829-87DF-5BD0B4DBF0D4}
		{FAE4B663-7070-4C1F-A1BD-9E8E90232826} = {45302A90-0110-47F8-879D-DE9164E13403}
		{0707B601-CD3B-4979-96E3-39473C435382} = {45302A90-0110-47F8-879D-DE9164E13403}
		{531F4C4F-F7B2-4B85-9133-C9E6A981F6BE} = {799FCB69-E551-4CCA-ADA8-7B73C3EA6ADD}
		{3A46E3A8-A8AD-4C65-9A4B-DE992CCA209F} = {FAF393FB-2B2D-4801-9E98-754707CDF6AF}
		{4B160AC8-2784-4E21-8F55-CCEEE5F40067} = {FAF393FB-2B2D-4801-9E98-754707CDF6AF}
		{52650109-29A1-4AFD-A5C2-0EF7E270BCCC} = {06676B2B-8787-4B59-BC38-6E6F3D5E9736}
		{06676B2B-8787-4B59-BC38-6E6F3D5E9736} = {FAF393FB-2B2D-4801-9E98-754707CDF6AF}
		{BCE242C4-12E1-48AF-9C2B-668B2F536B56} = {06676B2B-8787-4B59-BC38-6E6F3D5E9736}
		{12ADA8A7-CA80-4C74-881A-6FE278FC7816} = {ED5A3A53-726C-4AFD-98DE-8C652D680330}
	EndGlobalSection
	GlobalSection(ExtensibilityGlobals) = postSolution
		SolutionGuid = {E2CE199A-0A06-4927-9740-77057D99BABD}
	EndGlobalSection
EndGlobal
